{
  "version": 4,
  "terraform_version": "0.13.2",
  "serial": 6,
  "lineage": "e2e48b94-83a3-6ae3-1c83-f2930ca6096d",
  "outputs": {
    "project_id": {
      "value": "cloud-build-poc-rcksju",
      "type": "string"
    },
    "project_number": {
      "value": "277561262723",
      "type": "string"
    }
  },
  "resources": [
    {
      "mode": "data",
      "type": "google_billing_account",
      "name": "account",
      "provider": "provider[\"registry.terraform.io/hashicorp/google\"]",
      "instances": [
        {
          "schema_version": 0,
          "attributes": {
            "billing_account": null,
            "display_name": "Mi cuenta de facturación",
            "id": "019BA8-4373CD-62AA84",
            "name": "billingAccounts/019BA8-4373CD-62AA84",
            "open": true,
            "project_ids": [
              "optimum-agent-282018"
            ]
          }
        }
      ]
    },
    {
      "mode": "managed",
      "type": "google_project",
      "name": "demo_project",
      "provider": "provider[\"registry.terraform.io/hashicorp/google\"]",
      "instances": [
        {
          "schema_version": 1,
          "attributes": {
            "app_engine": [],
            "auto_create_network": true,
            "billing_account": "019BA8-4373CD-62AA84",
            "folder_id": null,
            "id": "cloud-build-poc-rcksju",
            "labels": {
              "environment": "test"
            },
            "name": "cloud-build-poc",
            "number": "277561262723",
            "org_id": null,
            "policy_data": null,
            "policy_etag": null,
            "project_id": "cloud-build-poc-rcksju",
            "skip_delete": false
          },
          "private": "eyJzY2hlbWFfdmVyc2lvbiI6IjEifQ==",
          "dependencies": [
            "data.google_billing_account.account",
            "random_string.random"
          ]
        }
      ]
    },
    {
      "mode": "managed",
      "type": "google_project_service",
      "name": "gcp_services",
      "provider": "provider[\"registry.terraform.io/hashicorp/google\"]",
      "instances": [
        {
          "index_key": 0,
          "schema_version": 0,
          "attributes": {
            "disable_dependent_services": true,
            "disable_on_destroy": true,
            "id": "cloud-build-poc-rcksju/cloudbuild.googleapis.com",
            "project": "cloud-build-poc-rcksju",
            "service": "cloudbuild.googleapis.com"
          },
          "private": "bnVsbA==",
          "dependencies": [
            "data.google_billing_account.account",
            "google_project.demo_project",
            "random_string.random"
          ]
        },
        {
          "index_key": 1,
          "schema_version": 0,
          "attributes": {
            "disable_dependent_services": true,
            "disable_on_destroy": true,
            "id": "cloud-build-poc-rcksju/run.googleapis.com",
            "project": "cloud-build-poc-rcksju",
            "service": "run.googleapis.com"
          },
          "private": "bnVsbA==",
          "dependencies": [
            "data.google_billing_account.account",
            "google_project.demo_project",
            "random_string.random"
          ]
        }
      ]
    },
    {
      "mode": "managed",
      "type": "google_storage_bucket",
      "name": "tfstate",
      "provider": "provider[\"registry.terraform.io/hashicorp/google\"]",
      "instances": [
        {
          "schema_version": 0,
          "attributes": {
            "cors": [],
            "encryption": [],
            "force_destroy": false,
            "id": "cloud-build-poc-rcksju-tfstate",
            "labels": null,
            "lifecycle_rule": [],
            "location": "US-CENTRAL1",
            "logging": [],
            "name": "cloud-build-poc-rcksju-tfstate",
            "predefined_acl": null,
            "project": "cloud-build-poc-rcksju",
            "requester_pays": false,
            "self_link": "https://www.googleapis.com/storage/v1/b/cloud-build-poc-rcksju-tfstate",
            "storage_class": "STANDARD",
            "url": "gs://cloud-build-poc-rcksju-tfstate",
            "versioning": [],
            "website": []
          },
          "private": "bnVsbA==",
          "dependencies": [
            "data.google_billing_account.account",
            "google_project.demo_project",
            "random_string.random"
          ]
        }
      ]
    },
    {
      "mode": "managed",
      "type": "random_string",
      "name": "random",
      "provider": "provider[\"registry.terraform.io/hashicorp/random\"]",
      "instances": [
        {
          "schema_version": 1,
          "attributes": {
            "id": "rcksju",
            "keepers": null,
            "length": 6,
            "lower": true,
            "min_lower": 0,
            "min_numeric": 0,
            "min_special": 0,
            "min_upper": 0,
            "number": true,
            "override_special": null,
            "result": "rcksju",
            "special": false,
            "upper": false
          },
          "private": "eyJzY2hlbWFfdmVyc2lvbiI6IjEifQ=="
        }
      ]
    }
  ]
}
